{
    "version": 3,
    "terraform_version": "0.11.7",
    "serial": 4,
    "lineage": "bb9d1e6e-a67a-c3ed-67d4-b3d6dfdd1aa8",
    "modules": [
        {
            "path": [
                "root"
            ],
            "outputs": {
                "host ip": {
                    "sensitive": false,
                    "type": "string",
                    "value": "169.47.147.92"
                }
            },
            "resources": {
                "ibm_compute_ssh_key.ssh_key_gip": {
                    "type": "ibm_compute_ssh_key",
                    "depends_on": [],
                    "primary": {
                        "id": "1145463",
                        "attributes": {
                            "fingerprint": "13:4b:dd:41:8e:12:cf:81:4e:75:ae:d6:59:2d:24:13",
                            "id": "1145463",
                            "label": "PublicKey",
                            "notes": "",
                            "public_key": "ssh-rsa AAAAB3NzaC1yc2EAAAADAQABAAACAQCsj5kUvOTS/JRkv9jp3FPDtH7HvpDqenAvimU9v+hN4ms9tyHCFwKtS+b5/VwCiW0AIbq4ZQcQwQgaH3mGFmaGYeLdwWAWOp+yo468N5jQzpHm/8dc5+VH4OnmdPsVFj0KU2xEFd6Tck9ZaknRYJ5GxcJQNfoPN/GupoOkalTw6nlyVi7V6aTSrGoCG6SuPEq7/qTxFOSIVOhZiSNykJ+yvjHuBQROYWSNJv57V6S2DxSGUr4KlFXgjYrmQTCVsJqaOP8ESHA4i4gOkhowKcXiBk0LdsCmf6X18XAMZGzAfazGhT1A8oro1GDWdQKq4CTjzGpq1op0yc8Ln1Ud+qhlozbCk4iLGjl47ELpSTh7fkJ0QM5yDRThLOn1plRPdGouq7Sso7a38fdGc8p61uPW+UP+/T4AXMEmV8kmYVwA/U4UvqI3dDvh7L+dzevPxk5lWEbqJyV8SAcCXbNz6Jg3S4xoJV6QECciqRHBHUbbXsmg8JWIteV21HoTsowege1zJcER8JkAOmasIxmtIxJGJ+zQEuCR+48o7QWMm+vqj/ojBpuW1qxkFAyhbwznWrmNyvHDv40tIjZqP6keUqD0yINrIwR9Rp+WsKv870Tzh9oP6O4acUw2DwVszPpZtKR8QtIPilVmxeEtJBmAIJg0MDjAKurqjZgvDWJR8Vgi+Q== replacethiswithyourem@il.com"
                        },
                        "meta": {},
                        "tainted": false
                    },
                    "deposed": [],
                    "provider": "provider.ibm"
                },
                "ibm_compute_vm_instance.vm1": {
                    "type": "ibm_compute_vm_instance",
                    "depends_on": [
                        "ibm_compute_ssh_key.ssh_key_gip"
                    ],
                    "primary": {
                        "id": "55561037",
                        "attributes": {
                            "block_storage_ids.#": "0",
                            "cores": "1",
                            "datacenter": "wdc04",
                            "dedicated_acct_host_only": "false",
                            "disks.#": "1",
                            "disks.0": "25",
                            "domain": "example.com",
                            "file_storage_ids.#": "0",
                            "hostname": "vi-instance-01",
                            "hourly_billing": "true",
                            "id": "55561037",
                            "ip_address_id": "113494939",
                            "ip_address_id_private": "113497235",
                            "ipv4_address": "169.47.147.92",
                            "ipv4_address_private": "10.183.107.164",
                            "ipv6_enabled": "false",
                            "ipv6_static_enabled": "false",
                            "local_disk": "false",
                            "memory": "1024",
                            "network_speed": "100",
                            "notes": "",
                            "os_reference_code": "DEBIAN_8_64",
                            "private_interface_id": "31650205",
                            "private_network_only": "false",
                            "private_security_group_ids.#": "0",
                            "private_subnet": "10.183.107.128/26",
                            "private_subnet_id": "1554595",
                            "private_vlan_id": "2331573",
                            "public_bandwidth_unlimited": "false",
                            "public_interface_id": "31650207",
                            "public_security_group_ids.#": "0",
                            "public_subnet": "169.47.147.80/28",
                            "public_subnet_id": "1467567",
                            "public_vlan_id": "2331571",
                            "secondary_ip_addresses.#": "0",
                            "ssh_key_ids.#": "1",
                            "ssh_key_ids.1145463": "1145463",
                            "wait_time_minutes": "90"
                        },
                        "meta": {},
                        "tainted": false
                    },
                    "deposed": [],
                    "provider": "provider.ibm"
                }
            },
            "depends_on": []
        }
    ]
}
